
Microsoft Visual Studio Solution File, Format Version 12.00
# Visual Studio Version 16
VisualStudioVersion = 16.0.29806.167
MinimumVisualStudioVersion = 10.0.40219.1
Project("{FAE04EC0-301F-11D3-BF4B-00C04F79EFBC}") = "01_Cafe", "01_Cafe\01_Cafe.csproj", "{38509046-FB07-4CC8-8697-F7A2DF63F944}"
EndProject
Project("{FAE04EC0-301F-11D3-BF4B-00C04F79EFBC}") = "01_CafeUI", "01_CafeUI\01_CafeUI.csproj", "{32231B02-75B6-40C3-9716-A43A7CAA0D83}"
EndProject
Project("{2150E333-8FDC-42A3-9474-1A3956D46DE8}") = "01_CafeProject", "01_CafeProject", "{B57E4C6A-2EC7-4645-9E72-F311E766CC99}"
EndProject
Project("{2150E333-8FDC-42A3-9474-1A3956D46DE8}") = "02_KClaimsProject", "02_KClaimsProject", "{ED958486-E0A6-4BC6-976C-8535530C2F9C}"
EndProject
Project("{FAE04EC0-301F-11D3-BF4B-00C04F79EFBC}") = "02_KClaims", "02_KClaims\02_KClaims.csproj", "{EE6E36CB-B055-4120-8B8E-F5A5EF0327E3}"
EndProject
Project("{FAE04EC0-301F-11D3-BF4B-00C04F79EFBC}") = "02_KClaimsUI", "02_KClaimsUI\02_KClaimsUI.csproj", "{EBAF9D81-0744-4604-A385-C0A69B6F8747}"
EndProject
Project("{2150E333-8FDC-42A3-9474-1A3956D46DE8}") = "03_KBadgesProject", "03_KBadgesProject", "{677A5CC9-03D8-4CEA-8E74-3632BB7C33F0}"
EndProject
Project("{FAE04EC0-301F-11D3-BF4B-00C04F79EFBC}") = "03_KBadges", "03_KBadges\03_KBadges.csproj", "{C254772C-53A7-4EFB-A714-D6C4B4AB7734}"
EndProject
Project("{FAE04EC0-301F-11D3-BF4B-00C04F79EFBC}") = "03_KBadgesUI", "03_KBadgesUI\03_KBadgesUI.csproj", "{6E729772-06FA-4E2B-9E1E-22040A63B799}"
EndProject
Project("{FAE04EC0-301F-11D3-BF4B-00C04F79EFBC}") = "01_CafeUnitTests", "01_CafeUnitTests\01_CafeUnitTests.csproj", "{106EA84A-1EA6-4384-941D-1F2BA8C8A979}"
EndProject
Project("{FAE04EC0-301F-11D3-BF4B-00C04F79EFBC}") = "02_KClaimUnitTest", "02_KClaimUnitTest\02_KClaimUnitTest.csproj", "{87D18BFA-E689-4A6C-B80D-F0F23FDB0FE5}"
EndProject
Project("{FAE04EC0-301F-11D3-BF4B-00C04F79EFBC}") = "03_KBadgesUnitTest", "03_KBadgesUnitTest\03_KBadgesUnitTest.csproj", "{6AF5E893-AEF5-4060-A095-CB2F9745A8A0}"
EndProject
Global
	GlobalSection(SolutionConfigurationPlatforms) = preSolution
		Debug|Any CPU = Debug|Any CPU
		Release|Any CPU = Release|Any CPU
	EndGlobalSection
	GlobalSection(ProjectConfigurationPlatforms) = postSolution
		{38509046-FB07-4CC8-8697-F7A2DF63F944}.Debug|Any CPU.ActiveCfg = Debug|Any CPU
		{38509046-FB07-4CC8-8697-F7A2DF63F944}.Debug|Any CPU.Build.0 = Debug|Any CPU
		{38509046-FB07-4CC8-8697-F7A2DF63F944}.Release|Any CPU.ActiveCfg = Release|Any CPU
		{38509046-FB07-4CC8-8697-F7A2DF63F944}.Release|Any CPU.Build.0 = Release|Any CPU
		{32231B02-75B6-40C3-9716-A43A7CAA0D83}.Debug|Any CPU.ActiveCfg = Debug|Any CPU
		{32231B02-75B6-40C3-9716-A43A7CAA0D83}.Debug|Any CPU.Build.0 = Debug|Any CPU
		{32231B02-75B6-40C3-9716-A43A7CAA0D83}.Release|Any CPU.ActiveCfg = Release|Any CPU
		{32231B02-75B6-40C3-9716-A43A7CAA0D83}.Release|Any CPU.Build.0 = Release|Any CPU
		{EE6E36CB-B055-4120-8B8E-F5A5EF0327E3}.Debug|Any CPU.ActiveCfg = Debug|Any CPU
		{EE6E36CB-B055-4120-8B8E-F5A5EF0327E3}.Debug|Any CPU.Build.0 = Debug|Any CPU
		{EE6E36CB-B055-4120-8B8E-F5A5EF0327E3}.Release|Any CPU.ActiveCfg = Release|Any CPU
		{EE6E36CB-B055-4120-8B8E-F5A5EF0327E3}.Release|Any CPU.Build.0 = Release|Any CPU
		{EBAF9D81-0744-4604-A385-C0A69B6F8747}.Debug|Any CPU.ActiveCfg = Debug|Any CPU
		{EBAF9D81-0744-4604-A385-C0A69B6F8747}.Debug|Any CPU.Build.0 = Debug|Any CPU
		{EBAF9D81-0744-4604-A385-C0A69B6F8747}.Release|Any CPU.ActiveCfg = Release|Any CPU
		{EBAF9D81-0744-4604-A385-C0A69B6F8747}.Release|Any CPU.Build.0 = Release|Any CPU
		{C254772C-53A7-4EFB-A714-D6C4B4AB7734}.Debug|Any CPU.ActiveCfg = Debug|Any CPU
		{C254772C-53A7-4EFB-A714-D6C4B4AB7734}.Debug|Any CPU.Build.0 = Debug|Any CPU
		{C254772C-53A7-4EFB-A714-D6C4B4AB7734}.Release|Any CPU.ActiveCfg = Release|Any CPU
		{C254772C-53A7-4EFB-A714-D6C4B4AB7734}.Release|Any CPU.Build.0 = Release|Any CPU
		{6E729772-06FA-4E2B-9E1E-22040A63B799}.Debug|Any CPU.ActiveCfg = Debug|Any CPU
		{6E729772-06FA-4E2B-9E1E-22040A63B799}.Debug|Any CPU.Build.0 = Debug|Any CPU
		{6E729772-06FA-4E2B-9E1E-22040A63B799}.Release|Any CPU.ActiveCfg = Release|Any CPU
		{6E729772-06FA-4E2B-9E1E-22040A63B799}.Release|Any CPU.Build.0 = Release|Any CPU
		{106EA84A-1EA6-4384-941D-1F2BA8C8A979}.Debug|Any CPU.ActiveCfg = Debug|Any CPU
		{106EA84A-1EA6-4384-941D-1F2BA8C8A979}.Debug|Any CPU.Build.0 = Debug|Any CPU
		{106EA84A-1EA6-4384-941D-1F2BA8C8A979}.Release|Any CPU.ActiveCfg = Release|Any CPU
		{106EA84A-1EA6-4384-941D-1F2BA8C8A979}.Release|Any CPU.Build.0 = Release|Any CPU
		{87D18BFA-E689-4A6C-B80D-F0F23FDB0FE5}.Debug|Any CPU.ActiveCfg = Debug|Any CPU
		{87D18BFA-E689-4A6C-B80D-F0F23FDB0FE5}.Debug|Any CPU.Build.0 = Debug|Any CPU
		{87D18BFA-E689-4A6C-B80D-F0F23FDB0FE5}.Release|Any CPU.ActiveCfg = Release|Any CPU
		{87D18BFA-E689-4A6C-B80D-F0F23FDB0FE5}.Release|Any CPU.Build.0 = Release|Any CPU
		{6AF5E893-AEF5-4060-A095-CB2F9745A8A0}.Debug|Any CPU.ActiveCfg = Debug|Any CPU
		{6AF5E893-AEF5-4060-A095-CB2F9745A8A0}.Debug|Any CPU.Build.0 = Debug|Any CPU
		{6AF5E893-AEF5-4060-A095-CB2F9745A8A0}.Release|Any CPU.ActiveCfg = Release|Any CPU
		{6AF5E893-AEF5-4060-A095-CB2F9745A8A0}.Release|Any CPU.Build.0 = Release|Any CPU
	EndGlobalSection
	GlobalSection(SolutionProperties) = preSolution
		HideSolutionNode = FALSE
	EndGlobalSection
	GlobalSection(NestedProjects) = preSolution
		{38509046-FB07-4CC8-8697-F7A2DF63F944} = {B57E4C6A-2EC7-4645-9E72-F311E766CC99}
		{32231B02-75B6-40C3-9716-A43A7CAA0D83} = {B57E4C6A-2EC7-4645-9E72-F311E766CC99}
		{EE6E36CB-B055-4120-8B8E-F5A5EF0327E3} = {ED958486-E0A6-4BC6-976C-8535530C2F9C}
		{EBAF9D81-0744-4604-A385-C0A69B6F8747} = {ED958486-E0A6-4BC6-976C-8535530C2F9C}
		{C254772C-53A7-4EFB-A714-D6C4B4AB7734} = {677A5CC9-03D8-4CEA-8E74-3632BB7C33F0}
		{6E729772-06FA-4E2B-9E1E-22040A63B799} = {677A5CC9-03D8-4CEA-8E74-3632BB7C33F0}
		{106EA84A-1EA6-4384-941D-1F2BA8C8A979} = {B57E4C6A-2EC7-4645-9E72-F311E766CC99}
		{87D18BFA-E689-4A6C-B80D-F0F23FDB0FE5} = {ED958486-E0A6-4BC6-976C-8535530C2F9C}
		{6AF5E893-AEF5-4060-A095-CB2F9745A8A0} = {677A5CC9-03D8-4CEA-8E74-3632BB7C33F0}
	EndGlobalSection
	GlobalSection(ExtensibilityGlobals) = postSolution
		SolutionGuid = {7EAA7B76-AE8D-4DD4-A2FC-302D35FCA87E}
	EndGlobalSection
EndGlobal
